# THIS IS AN AUTOGENERATED FILE. DO NOT EDIT THIS FILE DIRECTLY.
# yarn lockfile v1


"@vercel/functions@^2.0.0":
  version "2.0.0"
  resolved "https://registry.npmjs.org/@vercel/functions/-/functions-2.0.0.tgz#be72057235a667b8c5b2713880fba717cd5a372b"
  integrity sha512-BSwIihLHoV18gerKZJyGuqd3rtaYM6rJvET1kOwKktshucyaHXTJel7Cxegs+sdX0NZqsX4LO2MFnMU2jG01Cw==
